
Microsoft Visual Studio Solution File, Format Version 12.00
# Visual Studio Version 16
VisualStudioVersion = 16.0.32228.343
MinimumVisualStudioVersion = 10.0.40219.1
Project("{FAE04EC0-301F-11D3-BF4B-00C04F79EFBC}") = "Projeto Calculadora", "Projeto Calculadora\Projeto Calculadora.csproj", "{12095AD3-5943-4EC4-BCEC-9F739EBA0DAF}"
EndProject
Global
	GlobalSection(SolutionConfigurationPlatforms) = preSolution
		Debug|Any CPU = Debug|Any CPU
		Release|Any CPU = Release|Any CPU
	EndGlobalSection
	GlobalSection(ProjectConfigurationPlatforms) = postSolution
		{12095AD3-5943-4EC4-BCEC-9F739EBA0DAF}.Debug|Any CPU.ActiveCfg = Debug|Any CPU
		{12095AD3-5943-4EC4-BCEC-9F739EBA0DAF}.Debug|Any CPU.Build.0 = Debug|Any CPU
		{12095AD3-5943-4EC4-BCEC-9F739EBA0DAF}.Release|Any CPU.ActiveCfg = Release|Any CPU
		{12095AD3-5943-4EC4-BCEC-9F739EBA0DAF}.Release|Any CPU.Build.0 = Release|Any CPU
	EndGlobalSection
	GlobalSection(SolutionProperties) = preSolution
		HideSolutionNode = FALSE
	EndGlobalSection
	GlobalSection(ExtensibilityGlobals) = postSolution
		SolutionGuid = {B4859398-C39A-4610-BF77-F448169B7AE5}
	EndGlobalSection
EndGlobal
